<?xml version="1.0" encoding="utf-8"?>
<Project ToolsVersion="4.0" xmlns="http://schemas.microsoft.com/developer/msbuild/2003">
  <ItemGroup>
    <Filter Include="win32">
      <UniqueIdentifier>{84a8ebd7-7cf0-47f6-b75e-d441df67da40}</UniqueIdentifier>
    </Filter>
    <Filter Include="resource">
      <UniqueIdentifier>{715254bc-d70b-4ec5-bf29-467dd3ace079}</UniqueIdentifier>
    </Filter>
    <Filter Include="src">
      <UniqueIdentifier>{bb6c862e-70e9-49d9-81b7-3829a6f50471}</UniqueIdentifier>
    </Filter>
    <Filter Include="src\Login">
      <UniqueIdentifier>{cdd3b85b-8430-4237-826b-04aa2dbdb3b5}</UniqueIdentifier>
    </Filter>
    <Filter Include="src\GamePlay">
      <UniqueIdentifier>{1cc18633-e347-49ca-86db-8a9d00eb38b2}</UniqueIdentifier>
    </Filter>
  </ItemGroup>
  <ItemGroup>
    <ClCompile Include="main.cpp">
      <Filter>win32</Filter>
    </ClCompile>
    <ClCompile Include="..\Classes\AppDelegate.cpp">
      <Filter>src</Filter>
    </ClCompile>
    <ClCompile Include="..\Classes\HelloWorldScene.cpp">
      <Filter>src</Filter>
    </ClCompile>
    <ClCompile Include="..\Classes\Login\LoginScene.cpp">
      <Filter>src\Login</Filter>
    </ClCompile>
    <ClCompile Include="..\Classes\Login\MenuScene.cpp">
      <Filter>src\Login</Filter>
    </ClCompile>
    <ClCompile Include="..\Classes\GamePlay\Role.cpp">
      <Filter>src\GamePlay</Filter>
    </ClCompile>
    <ClCompile Include="..\Classes\GamePlay\PlayScene.cpp">
      <Filter>src\GamePlay</Filter>
    </ClCompile>
    <ClCompile Include="..\Classes\GamePlay\CollisionCheck.cpp">
      <Filter>src\GamePlay</Filter>
    </ClCompile>
    <ClCompile Include="..\Classes\GamePlay\RoleMove.cpp">
      <Filter>src\GamePlay</Filter>
    </ClCompile>
    <ClCompile Include="..\Classes\Login\VideoPlayer.cpp">
      <Filter>src\Login</Filter>
    </ClCompile>
    <ClCompile Include="..\Classes\GamePlay\RoomScene.cpp">
      <Filter>src\GamePlay</Filter>
    </ClCompile>
    <ClCompile Include="..\Classes\GamePlay\Data.cpp">
      <Filter>src\GamePlay</Filter>
    </ClCompile>
    <ClCompile Include="..\Classes\GamePlay\Bomb.cpp">
      <Filter>src\GamePlay</Filter>
    </ClCompile>
    <ClCompile Include="..\Classes\GamePlay\Item.cpp">
      <Filter>src\GamePlay</Filter>
    </ClCompile>
  </ItemGroup>
  <ItemGroup>
    <ClInclude Include="main.h">
      <Filter>win32</Filter>
    </ClInclude>
    <ClInclude Include="..\Classes\AppDelegate.h">
      <Filter>src</Filter>
    </ClInclude>
    <ClInclude Include="..\Classes\HelloWorldScene.h">
      <Filter>src</Filter>
    </ClInclude>
    <ClInclude Include="..\Classes\Login\LoginScene.h">
      <Filter>src\Login</Filter>
    </ClInclude>
    <ClInclude Include="..\Classes\Login\MenuScene.h">
      <Filter>src\Login</Filter>
    </ClInclude>
    <ClInclude Include="..\Classes\GamePlay\PlayScene.h">
      <Filter>src\GamePlay</Filter>
    </ClInclude>
    <ClInclude Include="..\Classes\GamePlay\Role.h">
      <Filter>src\GamePlay</Filter>
    </ClInclude>
    <ClInclude Include="..\Classes\Login\VideoPlayer.h">
      <Filter>src\Login</Filter>
    </ClInclude>
    <ClInclude Include="..\Classes\GamePlay\RoomScene.h">
      <Filter>src\GamePlay</Filter>
    </ClInclude>
    <ClInclude Include="..\Classes\GamePlay\Data.h">
      <Filter>src\GamePlay</Filter>
    </ClInclude>
    <ClInclude Include="..\Classes\GamePlay\Bomb.h">
      <Filter>src\GamePlay</Filter>
    </ClInclude>
    <ClInclude Include="..\Classes\GamePlay\Item.h">
      <Filter>src\GamePlay</Filter>
    </ClInclude>
  </ItemGroup>
  <ItemGroup>
    <ResourceCompile Include="game.rc">
      <Filter>resource</Filter>
    </ResourceCompile>
  </ItemGroup>
</Project>